<?xml version="1.0" encoding="utf-8"?>
<Project ToolsVersion="4.0" xmlns="http://schemas.microsoft.com/developer/msbuild/2003">
  <ItemGroup>
    <ClCompile Include="ShellExecAsUser.cpp" />
    <ClCompile Include="pluginapi.cpp" />
  </ItemGroup>
  <ItemGroup>
    <ClInclude Include="api.h" />
    <ClInclude Include="nsis_tchar.h" />
    <ClInclude Include="pluginapi.h" />
  </ItemGroup>
</Project>